
Microsoft Visual Studio Solution File, Format Version 12.00
# Visual Studio Version 17
VisualStudioVersion = 17.5.33502.453
MinimumVisualStudioVersion = 10.0.40219.1
Project("{8BC9CEB8-8B4A-11D0-8D11-00A0C91BC942}") = "Project5", "Project5\Project5.vcxproj", "{E4DAD54E-6EA4-45B2-A059-BCDB9FCDFFCB}"
EndProject
Global
	GlobalSection(SolutionConfigurationPlatforms) = preSolution
		Debug|x64 = Debug|x64
		Debug|x86 = Debug|x86
		Release|x64 = Release|x64
		Release|x86 = Release|x86
	EndGlobalSection
	GlobalSection(ProjectConfigurationPlatforms) = postSolution
		{E4DAD54E-6EA4-45B2-A059-BCDB9FCDFFCB}.Debug|x64.ActiveCfg = Debug|x64
		{E4DAD54E-6EA4-45B2-A059-BCDB9FCDFFCB}.Debug|x64.Build.0 = Debug|x64
		{E4DAD54E-6EA4-45B2-A059-BCDB9FCDFFCB}.Debug|x86.ActiveCfg = Debug|Win32
		{E4DAD54E-6EA4-45B2-A059-BCDB9FCDFFCB}.Debug|x86.Build.0 = Debug|Win32
		{E4DAD54E-6EA4-45B2-A059-BCDB9FCDFFCB}.Release|x64.ActiveCfg = Release|x64
		{E4DAD54E-6EA4-45B2-A059-BCDB9FCDFFCB}.Release|x64.Build.0 = Release|x64
		{E4DAD54E-6EA4-45B2-A059-BCDB9FCDFFCB}.Release|x86.ActiveCfg = Release|Win32
		{E4DAD54E-6EA4-45B2-A059-BCDB9FCDFFCB}.Release|x86.Build.0 = Release|Win32
	EndGlobalSection
	GlobalSection(SolutionProperties) = preSolution
		HideSolutionNode = FALSE
	EndGlobalSection
	GlobalSection(ExtensibilityGlobals) = postSolution
		SolutionGuid = {D8DD6919-19FC-4535-A1F7-1639A1311F8D}
	EndGlobalSection
EndGlobal
